// !$*UTF8*$!
{
	archiveVersion = 1;
	classes = {
	};
	objectVersion = 55;
	objects = {

/* Begin PBXBuildFile section */
		AC39784826BB799800507B76 /* main.swift in Sources */ = {isa = PBXBuildFile; fileRef = AC39784726BB799800507B76 /* main.swift */; };
		AC86706526BB7E180057814D /* Shout in Frameworks */ = {isa = PBXBuildFile; productRef = AC86706426BB7E180057814D /* Shout */; };
		AC86706726BB7F500057814D /* CommandType.swift in Sources */ = {isa = PBXBuildFile; fileRef = AC86706626BB7F500057814D /* CommandType.swift */; };
		AC86706926BB800F0057814D /* Manager.swift in Sources */ = {isa = PBXBuildFile; fileRef = AC86706826BB800F0057814D /* Manager.swift */; };
		AC86706C26BB83EE0057814D /* NewType.swift in Sources */ = {isa = PBXBuildFile; fileRef = AC86706B26BB83EE0057814D /* NewType.swift */; };
		AC86706E26BBA8080057814D /* FileHelper.swift in Sources */ = {isa = PBXBuildFile; fileRef = AC86706D26BBA8080057814D /* FileHelper.swift */; };
		ACEDA85326BCC21900D9C5F3 /* ObjectMapper in Frameworks */ = {isa = PBXBuildFile; productRef = ACEDA85226BCC21900D9C5F3 /* ObjectMapper */; };
		ACEDA85526BCC23900D9C5F3 /* ServerConfig.swift in Sources */ = {isa = PBXBuildFile; fileRef = ACEDA85426BCC23900D9C5F3 /* ServerConfig.swift */; };
		ACEDA85726BCC34A00D9C5F3 /* Info.swift in Sources */ = {isa = PBXBuildFile; fileRef = ACEDA85626BCC34A00D9C5F3 /* Info.swift */; };
/* End PBXBuildFile section */

/* Begin PBXCopyFilesBuildPhase section */
		AC39784226BB799700507B76 /* CopyFiles */ = {
			isa = PBXCopyFilesBuildPhase;
			buildActionMask = 2147483647;
			dstPath = /usr/share/man/man1/;
			dstSubfolderSpec = 0;
			files = (
			);
			runOnlyForDeploymentPostprocessing = 1;
		};
/* End PBXCopyFilesBuildPhase section */

/* Begin PBXFileReference section */
		AC39784426BB799700507B76 /* WhiteSietCLT */ = {isa = PBXFileReference; explicitFileType = "compiled.mach-o.executable"; includeInIndex = 0; path = WhiteSietCLT; sourceTree = BUILT_PRODUCTS_DIR; };
		AC39784726BB799800507B76 /* main.swift */ = {isa = PBXFileReference; lastKnownFileType = sourcecode.swift; path = main.swift; sourceTree = "<group>"; };
		AC86706626BB7F500057814D /* CommandType.swift */ = {isa = PBXFileReference; lastKnownFileType = sourcecode.swift; path = CommandType.swift; sourceTree = "<group>"; };
		AC86706826BB800F0057814D /* Manager.swift */ = {isa = PBXFileReference; lastKnownFileType = sourcecode.swift; path = Manager.swift; sourceTree = "<group>"; };
		AC86706A26BB805E0057814D /* Shout */ = {isa = PBXFileReference; lastKnownFileType = folder; name = Shout; path = ../Shout; sourceTree = "<group>"; };
		AC86706B26BB83EE0057814D /* NewType.swift */ = {isa = PBXFileReference; lastKnownFileType = sourcecode.swift; path = NewType.swift; sourceTree = "<group>"; };
		AC86706D26BBA8080057814D /* FileHelper.swift */ = {isa = PBXFileReference; lastKnownFileType = sourcecode.swift; path = FileHelper.swift; sourceTree = "<group>"; };
		ACEDA85426BCC23900D9C5F3 /* ServerConfig.swift */ = {isa = PBXFileReference; lastKnownFileType = sourcecode.swift; path = ServerConfig.swift; sourceTree = "<group>"; };
		ACEDA85626BCC34A00D9C5F3 /* Info.swift */ = {isa = PBXFileReference; lastKnownFileType = sourcecode.swift; path = Info.swift; sourceTree = "<group>"; };
/* End PBXFileReference section */

/* Begin PBXFrameworksBuildPhase section */
		AC39784126BB799700507B76 /* Frameworks */ = {
			isa = PBXFrameworksBuildPhase;
			buildActionMask = 2147483647;
			files = (
				ACEDA85326BCC21900D9C5F3 /* ObjectMapper in Frameworks */,
				AC86706526BB7E180057814D /* Shout in Frameworks */,
			);
			runOnlyForDeploymentPostprocessing = 0;
		};
/* End PBXFrameworksBuildPhase section */

/* Begin PBXGroup section */
		AC39783B26BB799700507B76 = {
			isa = PBXGroup;
			children = (
				AC86706126BB7D0B0057814D /* Packages */,
				AC39784626BB799700507B76 /* WhiteSietCLT */,
				AC39784526BB799700507B76 /* Products */,
				AC86706326BB7E180057814D /* Frameworks */,
			);
			sourceTree = "<group>";
		};
		AC39784526BB799700507B76 /* Products */ = {
			isa = PBXGroup;
			children = (
				AC39784426BB799700507B76 /* WhiteSietCLT */,
			);
			name = Products;
			sourceTree = "<group>";
		};
		AC39784626BB799700507B76 /* WhiteSietCLT */ = {
			isa = PBXGroup;
			children = (
				AC39784726BB799800507B76 /* main.swift */,
				AC86706826BB800F0057814D /* Manager.swift */,
				AC86706D26BBA8080057814D /* FileHelper.swift */,
				AC86706626BB7F500057814D /* CommandType.swift */,
				AC86706B26BB83EE0057814D /* NewType.swift */,
				ACEDA85426BCC23900D9C5F3 /* ServerConfig.swift */,
				ACEDA85626BCC34A00D9C5F3 /* Info.swift */,
			);
			path = WhiteSietCLT;
			sourceTree = "<group>";
		};
		AC86706126BB7D0B0057814D /* Packages */ = {
			isa = PBXGroup;
			children = (
				AC86706A26BB805E0057814D /* Shout */,
			);
			name = Packages;
			sourceTree = "<group>";
		};
		AC86706326BB7E180057814D /* Frameworks */ = {
			isa = PBXGroup;
			children = (
			);
			name = Frameworks;
			sourceTree = "<group>";
		};
/* End PBXGroup section */

/* Begin PBXNativeTarget section */
		AC39784326BB799700507B76 /* WhiteSietCLT */ = {
			isa = PBXNativeTarget;
			buildConfigurationList = AC39784B26BB799800507B76 /* Build configuration list for PBXNativeTarget "WhiteSietCLT" */;
			buildPhases = (
				AC39784026BB799700507B76 /* Sources */,
				AC39784126BB799700507B76 /* Frameworks */,
				AC39784226BB799700507B76 /* CopyFiles */,
			);
			buildRules = (
			);
			dependencies = (
			);
			name = WhiteSietCLT;
			packageProductDependencies = (
				AC86706426BB7E180057814D /* Shout */,
				ACEDA85226BCC21900D9C5F3 /* ObjectMapper */,
			);
			productName = WhiteSietCLT;
			productReference = AC39784426BB799700507B76 /* WhiteSietCLT */;
			productType = "com.apple.product-type.tool";
		};
/* End PBXNativeTarget section */

/* Begin PBXProject section */
		AC39783C26BB799700507B76 /* Project object */ = {
			isa = PBXProject;
			attributes = {
				BuildIndependentTargetsInParallel = 1;
				LastSwiftUpdateCheck = 1300;
				LastUpgradeCheck = 1300;
				TargetAttributes = {
					AC39784326BB799700507B76 = {
						CreatedOnToolsVersion = 13.0;
					};
				};
			};
			buildConfigurationList = AC39783F26BB799700507B76 /* Build configuration list for PBXProject "WhiteSietCLT" */;
			compatibilityVersion = "Xcode 13.0";
			developmentRegion = en;
			hasScannedForEncodings = 0;
			knownRegions = (
				en,
				Base,
			);
			mainGroup = AC39783B26BB799700507B76;
			packageReferences = (
				ACEDA85126BCC21900D9C5F3 /* XCRemoteSwiftPackageReference "ObjectMapper" */,
			);
			productRefGroup = AC39784526BB799700507B76 /* Products */;
			projectDirPath = "";
			projectRoot = "";
			targets = (
				AC39784326BB799700507B76 /* WhiteSietCLT */,
			);
		};
/* End PBXProject section */

/* Begin PBXSourcesBuildPhase section */
		AC39784026BB799700507B76 /* Sources */ = {
			isa = PBXSourcesBuildPhase;
			buildActionMask = 2147483647;
			files = (
				AC86706E26BBA8080057814D /* FileHelper.swift in Sources */,
				AC86706C26BB83EE0057814D /* NewType.swift in Sources */,
				AC39784826BB799800507B76 /* main.swift in Sources */,
				AC86706926BB800F0057814D /* Manager.swift in Sources */,
				ACEDA85526BCC23900D9C5F3 /* ServerConfig.swift in Sources */,
				AC86706726BB7F500057814D /* CommandType.swift in Sources */,
				ACEDA85726BCC34A00D9C5F3 /* Info.swift in Sources */,
			);
			runOnlyForDeploymentPostprocessing = 0;
		};
/* End PBXSourcesBuildPhase section */

/* Begin XCBuildConfiguration section */
		AC39784926BB799800507B76 /* Debug */ = {
			isa = XCBuildConfiguration;
			buildSettings = {
				ALWAYS_SEARCH_USER_PATHS = NO;
				CLANG_ANALYZER_NONNULL = YES;
				CLANG_ANALYZER_NUMBER_OBJECT_CONVERSION = YES_AGGRESSIVE;
				CLANG_CXX_LANGUAGE_STANDARD = "gnu++17";
				CLANG_CXX_LIBRARY = "libc++";
				CLANG_ENABLE_MODULES = YES;
				CLANG_ENABLE_OBJC_ARC = YES;
				CLANG_ENABLE_OBJC_WEAK = YES;
				CLANG_WARN_BLOCK_CAPTURE_AUTORELEASING = YES;
				CLANG_WARN_BOOL_CONVERSION = YES;
				CLANG_WARN_COMMA = YES;
				CLANG_WARN_CONSTANT_CONVERSION = YES;
				CLANG_WARN_DEPRECATED_OBJC_IMPLEMENTATIONS = YES;
				CLANG_WARN_DIRECT_OBJC_ISA_USAGE = YES_ERROR;
				CLANG_WARN_DOCUMENTATION_COMMENTS = YES;
				CLANG_WARN_EMPTY_BODY = YES;
				CLANG_WARN_ENUM_CONVERSION = YES;
				CLANG_WARN_INFINITE_RECURSION = YES;
				CLANG_WARN_INT_CONVERSION = YES;
				CLANG_WARN_NON_LITERAL_NULL_CONVERSION = YES;
				CLANG_WARN_OBJC_IMPLICIT_RETAIN_SELF = YES;
				CLANG_WARN_OBJC_LITERAL_CONVERSION = YES;
				CLANG_WARN_OBJC_ROOT_CLASS = YES_ERROR;
				CLANG_WARN_QUOTED_INCLUDE_IN_FRAMEWORK_HEADER = YES;
				CLANG_WARN_RANGE_LOOP_ANALYSIS = YES;
				CLANG_WARN_STRICT_PROTOTYPES = YES;
				CLANG_WARN_SUSPICIOUS_MOVE = YES;
				CLANG_WARN_UNGUARDED_AVAILABILITY = YES_AGGRESSIVE;
				CLANG_WARN_UNREACHABLE_CODE = YES;
				CLANG_WARN__DUPLICATE_METHOD_MATCH = YES;
				COPY_PHASE_STRIP = NO;
				DEBUG_INFORMATION_FORMAT = dwarf;
				ENABLE_STRICT_OBJC_MSGSEND = YES;
				ENABLE_TESTABILITY = YES;
				GCC_C_LANGUAGE_STANDARD = gnu11;
				GCC_DYNAMIC_NO_PIC = NO;
				GCC_NO_COMMON_BLOCKS = YES;
				GCC_OPTIMIZATION_LEVEL = 0;
				GCC_PREPROCESSOR_DEFINITIONS = (
					"DEBUG=1",
					"$(inherited)",
				);
				GCC_WARN_64_TO_32_BIT_CONVERSION = YES;
				GCC_WARN_ABOUT_RETURN_TYPE = YES_ERROR;
				GCC_WARN_UNDECLARED_SELECTOR = YES;
				GCC_WARN_UNINITIALIZED_AUTOS = YES_AGGRESSIVE;
				GCC_WARN_UNUSED_FUNCTION = YES;
				GCC_WARN_UNUSED_VARIABLE = YES;
				MACOSX_DEPLOYMENT_TARGET = 12.0;
				MTL_ENABLE_DEBUG_INFO = INCLUDE_SOURCE;
				MTL_FAST_MATH = YES;
				ONLY_ACTIVE_ARCH = YES;
				SDKROOT = macosx;
				SWIFT_ACTIVE_COMPILATION_CONDITIONS = DEBUG;
				SWIFT_OPTIMIZATION_LEVEL = "-Onone";
			};
			name = Debug;
		};
		AC39784A26BB799800507B76 /* Release */ = {
			isa = XCBuildConfiguration;
			buildSettings = {
				ALWAYS_SEARCH_USER_PATHS = NO;
				CLANG_ANALYZER_NONNULL = YES;
				CLANG_ANALYZER_NUMBER_OBJECT_CONVERSION = YES_AGGRESSIVE;
				CLANG_CXX_LANGUAGE_STANDARD = "gnu++17";
				CLANG_CXX_LIBRARY = "libc++";
				CLANG_ENABLE_MODULES = YES;
				CLANG_ENABLE_OBJC_ARC = YES;
				CLANG_ENABLE_OBJC_WEAK = YES;
				CLANG_WARN_BLOCK_CAPTURE_AUTORELEASING = YES;
				CLANG_WARN_BOOL_CONVERSION = YES;
				CLANG_WARN_COMMA = YES;
				CLANG_WARN_CONSTANT_CONVERSION = YES;
				CLANG_WARN_DEPRECATED_OBJC_IMPLEMENTATIONS = YES;
				CLANG_WARN_DIRECT_OBJC_ISA_USAGE = YES_ERROR;
				CLANG_WARN_DOCUMENTATION_COMMENTS = YES;
				CLANG_WARN_EMPTY_BODY = YES;
				CLANG_WARN_ENUM_CONVERSION = YES;
				CLANG_WARN_INFINITE_RECURSION = YES;
				CLANG_WARN_INT_CONVERSION = YES;
				CLANG_WARN_NON_LITERAL_NULL_CONVERSION = YES;
				CLANG_WARN_OBJC_IMPLICIT_RETAIN_SELF = YES;
				CLANG_WARN_OBJC_LITERAL_CONVERSION = YES;
				CLANG_WARN_OBJC_ROOT_CLASS = YES_ERROR;
				CLANG_WARN_QUOTED_INCLUDE_IN_FRAMEWORK_HEADER = YES;
				CLANG_WARN_RANGE_LOOP_ANALYSIS = YES;
				CLANG_WARN_STRICT_PROTOTYPES = YES;
				CLANG_WARN_SUSPICIOUS_MOVE = YES;
				CLANG_WARN_UNGUARDED_AVAILABILITY = YES_AGGRESSIVE;
				CLANG_WARN_UNREACHABLE_CODE = YES;
				CLANG_WARN__DUPLICATE_METHOD_MATCH = YES;
				COPY_PHASE_STRIP = NO;
				DEBUG_INFORMATION_FORMAT = "dwarf-with-dsym";
				ENABLE_NS_ASSERTIONS = NO;
				ENABLE_STRICT_OBJC_MSGSEND = YES;
				GCC_C_LANGUAGE_STANDARD = gnu11;
				GCC_NO_COMMON_BLOCKS = YES;
				GCC_WARN_64_TO_32_BIT_CONVERSION = YES;
				GCC_WARN_ABOUT_RETURN_TYPE = YES_ERROR;
				GCC_WARN_UNDECLARED_SELECTOR = YES;
				GCC_WARN_UNINITIALIZED_AUTOS = YES_AGGRESSIVE;
				GCC_WARN_UNUSED_FUNCTION = YES;
				GCC_WARN_UNUSED_VARIABLE = YES;
				MACOSX_DEPLOYMENT_TARGET = 12.0;
				MTL_ENABLE_DEBUG_INFO = NO;
				MTL_FAST_MATH = YES;
				SDKROOT = macosx;
				SWIFT_COMPILATION_MODE = wholemodule;
				SWIFT_OPTIMIZATION_LEVEL = "-O";
			};
			name = Release;
		};
		AC39784C26BB799800507B76 /* Debug */ = {
			isa = XCBuildConfiguration;
			buildSettings = {
				CODE_SIGN_STYLE = Automatic;
				DEVELOPMENT_TEAM = 44BN78992X;
				ENABLE_HARDENED_RUNTIME = YES;
				PRODUCT_NAME = "$(TARGET_NAME)";
				SWIFT_VERSION = 5.0;
			};
			name = Debug;
		};
		AC39784D26BB799800507B76 /* Release */ = {
			isa = XCBuildConfiguration;
			buildSettings = {
				CODE_SIGN_STYLE = Automatic;
				DEVELOPMENT_TEAM = 44BN78992X;
				ENABLE_HARDENED_RUNTIME = YES;
				PRODUCT_NAME = "$(TARGET_NAME)";
				SWIFT_VERSION = 5.0;
			};
			name = Release;
		};
/* End XCBuildConfiguration section */

/* Begin XCConfigurationList section */
		AC39783F26BB799700507B76 /* Build configuration list for PBXProject "WhiteSietCLT" */ = {
			isa = XCConfigurationList;
			buildConfigurations = (
				AC39784926BB799800507B76 /* Debug */,
				AC39784A26BB799800507B76 /* Release */,
			);
			defaultConfigurationIsVisible = 0;
			defaultConfigurationName = Release;
		};
		AC39784B26BB799800507B76 /* Build configuration list for PBXNativeTarget "WhiteSietCLT" */ = {
			isa = XCConfigurationList;
			buildConfigurations = (
				AC39784C26BB799800507B76 /* Debug */,
				AC39784D26BB799800507B76 /* Release */,
			);
			defaultConfigurationIsVisible = 0;
			defaultConfigurationName = Release;
		};
/* End XCConfigurationList section */

/* Begin XCRemoteSwiftPackageReference section */
		ACEDA85126BCC21900D9C5F3 /* XCRemoteSwiftPackageReference "ObjectMapper" */ = {
			isa = XCRemoteSwiftPackageReference;
			repositoryURL = "https://github.com/tristanhimmelman/ObjectMapper";
			requirement = {
				kind = upToNextMajorVersion;
				minimumVersion = 4.0.0;
			};
		};
/* End XCRemoteSwiftPackageReference section */

/* Begin XCSwiftPackageProductDependency section */
		AC86706426BB7E180057814D /* Shout */ = {
			isa = XCSwiftPackageProductDependency;
			productName = Shout;
		};
		ACEDA85226BCC21900D9C5F3 /* ObjectMapper */ = {
			isa = XCSwiftPackageProductDependency;
			package = ACEDA85126BCC21900D9C5F3 /* XCRemoteSwiftPackageReference "ObjectMapper" */;
			productName = ObjectMapper;
		};
/* End XCSwiftPackageProductDependency section */
	};
	rootObject = AC39783C26BB799700507B76 /* Project object */;
}
